
Microsoft Visual Studio Solution File, Format Version 12.00
# Visual Studio 15
VisualStudioVersion = 15.0.28307.572
MinimumVisualStudioVersion = 10.0.40219.1
Project("{888888A0-9F3D-457C-B088-3A5042F75D52}") = "pythonWork", "pythonWork.pyproj", "{96245AB9-188E-412F-B96B-5D0C24A79BD3}"
EndProject
Global
	GlobalSection(SolutionConfigurationPlatforms) = preSolution
		Debug|Any CPU = Debug|Any CPU
		Release|Any CPU = Release|Any CPU
	EndGlobalSection
	GlobalSection(ProjectConfigurationPlatforms) = postSolution
		{96245AB9-188E-412F-B96B-5D0C24A79BD3}.Debug|Any CPU.ActiveCfg = Debug|Any CPU
		{96245AB9-188E-412F-B96B-5D0C24A79BD3}.Release|Any CPU.ActiveCfg = Release|Any CPU
	EndGlobalSection
	GlobalSection(SolutionProperties) = preSolution
		HideSolutionNode = FALSE
	EndGlobalSection
	GlobalSection(ExtensibilityGlobals) = postSolution
		SolutionGuid = {C1358956-BDC2-45EB-80FC-46C909BEF696}
	EndGlobalSection
EndGlobal
